# This file is generated by running "yarn install" inside your project.
# Manual changes might be lost - proceed with caution!

__metadata:
  version: 8
  cacheKey: 10c0

"@discordjs/builders@npm:^1.13.0":
  version: 1.13.1
  resolution: "@discordjs/builders@npm:1.13.1"
  dependencies:
    "@discordjs/formatters": "npm:^0.6.2"
    "@discordjs/util": "npm:^1.2.0"
    "@sapphire/shapeshift": "npm:^4.0.0"
    discord-api-types: "npm:^0.38.33"
    fast-deep-equal: "npm:^3.1.3"
    ts-mixer: "npm:^6.0.4"
    tslib: "npm:^2.6.3"
  checksum: 10c0/3499cb19f70ac8e04a5484b3f0f7aef4e281529e1cb78049a19cb09fac4b325323b81771de49276894cc1bb98eff47ec4194f35dd85b88d3eb1d9f442f52169c
  languageName: node
  linkType: hard

"@discordjs/collection@npm:1.5.3":
  version: 1.5.3
  resolution: "@discordjs/collection@npm:1.5.3"
  checksum: 10c0/54338e005e9a1c6a5c91464cbcc378a5bf74410ad5b8bba1961b80d0ec8f1eb1b768ea737ad03bcb62430ea84aa5561523318b739538b334115ed775630ca42c
  languageName: node
  linkType: hard

"@discordjs/collection@npm:^2.1.0, @discordjs/collection@npm:^2.1.1":
  version: 2.1.1
  resolution: "@discordjs/collection@npm:2.1.1"
  checksum: 10c0/7bbb007271a046c981957b4a0543f6ca7e4c294a2d40987437ff06db5e92dbf35b8dc61719db2a7bc99557a58275742aa34be9f50487870a6e80acfc4fe45fa1
  languageName: node
  linkType: hard

"@discordjs/formatters@npm:^0.6.2":
  version: 0.6.2
  resolution: "@discordjs/formatters@npm:0.6.2"
  dependencies:
    discord-api-types: "npm:^0.38.33"
  checksum: 10c0/42ffa6e1d4f825bfbd023e8a3bad488a0c93db53f2cfdc361aeccb917863b2411a1e2954653710f711e9f4be215d39dfd34f6e5329302ca78c759a8f03690901
  languageName: node
  linkType: hard

"@discordjs/rest@npm:^2.5.1, @discordjs/rest@npm:^2.6.0":
  version: 2.6.0
  resolution: "@discordjs/rest@npm:2.6.0"
  dependencies:
    "@discordjs/collection": "npm:^2.1.1"
    "@discordjs/util": "npm:^1.1.1"
    "@sapphire/async-queue": "npm:^1.5.3"
    "@sapphire/snowflake": "npm:^3.5.3"
    "@vladfrangu/async_event_emitter": "npm:^2.4.6"
    discord-api-types: "npm:^0.38.16"
    magic-bytes.js: "npm:^1.10.0"
    tslib: "npm:^2.6.3"
    undici: "npm:6.21.3"
  checksum: 10c0/67e12f54b8aa11208441d07dd2a30d3b125142a5bc76f34f5b7de3e676334f36b6cce63a0afd78d380eea25d8c56ade8ae3fd8770c88ec31c318a20d412ff31f
  languageName: node
  linkType: hard

"@discordjs/util@npm:^1.1.0, @discordjs/util@npm:^1.1.1, @discordjs/util@npm:^1.2.0":
  version: 1.2.0
  resolution: "@discordjs/util@npm:1.2.0"
  dependencies:
    discord-api-types: "npm:^0.38.33"
  checksum: 10c0/a58ee25a241beeb91a519f116fc89391b3a158a7e75dacdce0ffa915695b321ac2eb6ffe3ce49ce1093b0cbd7243033da86d450b9022c2faac668ca0a4d2efa0
  languageName: node
  linkType: hard

"@discordjs/ws@npm:^1.2.3":
  version: 1.2.3
  resolution: "@discordjs/ws@npm:1.2.3"
  dependencies:
    "@discordjs/collection": "npm:^2.1.0"
    "@discordjs/rest": "npm:^2.5.1"
    "@discordjs/util": "npm:^1.1.0"
    "@sapphire/async-queue": "npm:^1.5.2"
    "@types/ws": "npm:^8.5.10"
    "@vladfrangu/async_event_emitter": "npm:^2.2.4"
    discord-api-types: "npm:^0.38.1"
    tslib: "npm:^2.6.2"
    ws: "npm:^8.17.0"
  checksum: 10c0/3add9b8e24174617149b515ad3a470b64d7286023d96b85c8387b40b3aaf3975f15b121fc1b49841e85b55c519f2b6e9050d1711f34fd65f33652fdde42a4752
  languageName: node
  linkType: hard

"@esbuild/aix-ppc64@npm:0.27.2":
  version: 0.27.2
  resolution: "@esbuild/aix-ppc64@npm:0.27.2"
  conditions: os=aix & cpu=ppc64
  languageName: node
  linkType: hard

"@esbuild/android-arm64@npm:0.27.2":
  version: 0.27.2
  resolution: "@esbuild/android-arm64@npm:0.27.2"
  conditions: os=android & cpu=arm64
  languageName: node
  linkType: hard

"@esbuild/android-arm@npm:0.27.2":
  version: 0.27.2
  resolution: "@esbuild/android-arm@npm:0.27.2"
  conditions: os=android & cpu=arm
  languageName: node
  linkType: hard

"@esbuild/android-x64@npm:0.27.2":
  version: 0.27.2
  resolution: "@esbuild/android-x64@npm:0.27.2"
  conditions: os=android & cpu=x64
  languageName: node
  linkType: hard

"@esbuild/darwin-arm64@npm:0.27.2":
  version: 0.27.2
  resolution: "@esbuild/darwin-arm64@npm:0.27.2"
  conditions: os=darwin & cpu=arm64
  languageName: node
  linkType: hard

"@esbuild/darwin-x64@npm:0.27.2":
  version: 0.27.2
  resolution: "@esbuild/darwin-x64@npm:0.27.2"
  conditions: os=darwin & cpu=x64
  languageName: node
  linkType: hard

"@esbuild/freebsd-arm64@npm:0.27.2":
  version: 0.27.2
  resolution: "@esbuild/freebsd-arm64@npm:0.27.2"
  conditions: os=freebsd & cpu=arm64
  languageName: node
  linkType: hard

"@esbuild/freebsd-x64@npm:0.27.2":
  version: 0.27.2
  resolution: "@esbuild/freebsd-x64@npm:0.27.2"
  conditions: os=freebsd & cpu=x64
  languageName: node
  linkType: hard

"@esbuild/linux-arm64@npm:0.27.2":
  version: 0.27.2
  resolution: "@esbuild/linux-arm64@npm:0.27.2"
  conditions: os=linux & cpu=arm64
  languageName: node
  linkType: hard

"@esbuild/linux-arm@npm:0.27.2":
  version: 0.27.2
  resolution: "@esbuild/linux-arm@npm:0.27.2"
  conditions: os=linux & cpu=arm
  languageName: node
  linkType: hard

"@esbuild/linux-ia32@npm:0.27.2":
  version: 0.27.2
  resolution: "@esbuild/linux-ia32@npm:0.27.2"
  conditions: os=linux & cpu=ia32
  languageName: node
  linkType: hard

"@esbuild/linux-loong64@npm:0.27.2":
  version: 0.27.2
  resolution: "@esbuild/linux-loong64@npm:0.27.2"
  conditions: os=linux & cpu=loong64
  languageName: node
  linkType: hard

"@esbuild/linux-mips64el@npm:0.27.2":
  version: 0.27.2
  resolution: "@esbuild/linux-mips64el@npm:0.27.2"
  conditions: os=linux & cpu=mips64el
  languageName: node
  linkType: hard

"@esbuild/linux-ppc64@npm:0.27.2":
  version: 0.27.2
  resolution: "@esbuild/linux-ppc64@npm:0.27.2"
  conditions: os=linux & cpu=ppc64
  languageName: node
  linkType: hard

"@esbuild/linux-riscv64@npm:0.27.2":
  version: 0.27.2
  resolution: "@esbuild/linux-riscv64@npm:0.27.2"
  conditions: os=linux & cpu=riscv64
  languageName: node
  linkType: hard

"@esbuild/linux-s390x@npm:0.27.2":
  version: 0.27.2
  resolution: "@esbuild/linux-s390x@npm:0.27.2"
  conditions: os=linux & cpu=s390x
  languageName: node
  linkType: hard

"@esbuild/linux-x64@npm:0.27.2":
  version: 0.27.2
  resolution: "@esbuild/linux-x64@npm:0.27.2"
  conditions: os=linux & cpu=x64
  languageName: node
  linkType: hard

"@esbuild/netbsd-arm64@npm:0.27.2":
  version: 0.27.2
  resolution: "@esbuild/netbsd-arm64@npm:0.27.2"
  conditions: os=netbsd & cpu=arm64
  languageName: node
  linkType: hard

"@esbuild/netbsd-x64@npm:0.27.2":
  version: 0.27.2
  resolution: "@esbuild/netbsd-x64@npm:0.27.2"
  conditions: os=netbsd & cpu=x64
  languageName: node
  linkType: hard

"@esbuild/openbsd-arm64@npm:0.27.2":
  version: 0.27.2
  resolution: "@esbuild/openbsd-arm64@npm:0.27.2"
  conditions: os=openbsd & cpu=arm64
  languageName: node
  linkType: hard

"@esbuild/openbsd-x64@npm:0.27.2":
  version: 0.27.2
  resolution: "@esbuild/openbsd-x64@npm:0.27.2"
  conditions: os=openbsd & cpu=x64
  languageName: node
  linkType: hard

"@esbuild/openharmony-arm64@npm:0.27.2":
  version: 0.27.2
  resolution: "@esbuild/openharmony-arm64@npm:0.27.2"
  conditions: os=openharmony & cpu=arm64
  languageName: node
  linkType: hard

"@esbuild/sunos-x64@npm:0.27.2":
  version: 0.27.2
  resolution: "@esbuild/sunos-x64@npm:0.27.2"
  conditions: os=sunos & cpu=x64
  languageName: node
  linkType: hard

"@esbuild/win32-arm64@npm:0.27.2":
  version: 0.27.2
  resolution: "@esbuild/win32-arm64@npm:0.27.2"
  conditions: os=win32 & cpu=arm64
  languageName: node
  linkType: hard

"@esbuild/win32-ia32@npm:0.27.2":
  version: 0.27.2
  resolution: "@esbuild/win32-ia32@npm:0.27.2"
  conditions: os=win32 & cpu=ia32
  languageName: node
  linkType: hard

"@esbuild/win32-x64@npm:0.27.2":
  version: 0.27.2
  resolution: "@esbuild/win32-x64@npm:0.27.2"
  conditions: os=win32 & cpu=x64
  languageName: node
  linkType: hard

"@isaacs/balanced-match@npm:^4.0.1":
  version: 4.0.1
  resolution: "@isaacs/balanced-match@npm:4.0.1"
  checksum: 10c0/7da011805b259ec5c955f01cee903da72ad97c5e6f01ca96197267d3f33103d5b2f8a1af192140f3aa64526c593c8d098ae366c2b11f7f17645d12387c2fd420
  languageName: node
  linkType: hard

"@isaacs/brace-expansion@npm:^5.0.0":
  version: 5.0.0
  resolution: "@isaacs/brace-expansion@npm:5.0.0"
  dependencies:
    "@isaacs/balanced-match": "npm:^4.0.1"
  checksum: 10c0/b4d4812f4be53afc2c5b6c545001ff7a4659af68d4484804e9d514e183d20269bb81def8682c01a22b17c4d6aed14292c8494f7d2ac664e547101c1a905aa977
  languageName: node
  linkType: hard

"@isaacs/fs-minipass@npm:^4.0.0":
  version: 4.0.1
  resolution: "@isaacs/fs-minipass@npm:4.0.1"
  dependencies:
    minipass: "npm:^7.0.4"
  checksum: 10c0/c25b6dc1598790d5b55c0947a9b7d111cfa92594db5296c3b907e2f533c033666f692a3939eadac17b1c7c40d362d0b0635dc874cbfe3e70db7c2b07cc97a5d2
  languageName: node
  linkType: hard

"@multipurpose/bot@workspace:.":
  version: 0.0.0-use.local
  resolution: "@multipurpose/bot@workspace:."
  dependencies:
    "@supabase/supabase-js": "npm:^2.89.0"
    "@types/pg": "npm:^8.11.10"
    discord.js: "npm:^14.20.0"
    dotenv-cli: "npm:^8.0.0"
    pg: "npm:^8.13.1"
    tsx: "npm:^4.20.2"
    typescript: "npm:^5.7.3"
    zod: "npm:^3.25.76"
  languageName: unknown
  linkType: soft

"@npmcli/agent@npm:^4.0.0":
  version: 4.0.0
  resolution: "@npmcli/agent@npm:4.0.0"
  dependencies:
    agent-base: "npm:^7.1.0"
    http-proxy-agent: "npm:^7.0.0"
    https-proxy-agent: "npm:^7.0.1"
    lru-cache: "npm:^11.2.1"
    socks-proxy-agent: "npm:^8.0.3"
  checksum: 10c0/f7b5ce0f3dd42c3f8c6546e8433573d8049f67ef11ec22aa4704bc41483122f68bf97752e06302c455ead667af5cb753e6a09bff06632bc465c1cfd4c4b75a53
  languageName: node
  linkType: hard

"@npmcli/fs@npm:^5.0.0":
  version: 5.0.0
  resolution: "@npmcli/fs@npm:5.0.0"
  dependencies:
    semver: "npm:^7.3.5"
  checksum: 10c0/26e376d780f60ff16e874a0ac9bc3399186846baae0b6e1352286385ac134d900cc5dafaded77f38d77f86898fc923ae1cee9d7399f0275b1aa24878915d722b
  languageName: node
  linkType: hard

"@sapphire/async-queue@npm:^1.5.2, @sapphire/async-queue@npm:^1.5.3":
  version: 1.5.5
  resolution: "@sapphire/async-queue@npm:1.5.5"
  checksum: 10c0/4d61cbd90513e25f60ec611cd6c85b62a85b58c227c14050bcaeb4141a472fddb1da32dea5c4769cd213b97a5b83a076af333cbbe90efb97973d9fce47ef3ef0
  languageName: node
  linkType: hard

"@sapphire/shapeshift@npm:^4.0.0":
  version: 4.0.0
  resolution: "@sapphire/shapeshift@npm:4.0.0"
  dependencies:
    fast-deep-equal: "npm:^3.1.3"
    lodash: "npm:^4.17.21"
  checksum: 10c0/2abbfd20977e800455108688e45fff7b7c6e197256c8f8a54db90025a900914908b5fa4ffcbd1eacb4c692792cbed980613aa878e09f1fd87ab5052b6a6d6bce
  languageName: node
  linkType: hard

"@sapphire/snowflake@npm:3.5.3":
  version: 3.5.3
  resolution: "@sapphire/snowflake@npm:3.5.3"
  checksum: 10c0/361b6a3e16eea4eb48b2608005ce397d4163065ccd84077059a0f609b97fb9cc52a173d7a64bbfce6f5d1e77be0f9704fd72ef64683a3dc7e455e9b4a1c90db1
  languageName: node
  linkType: hard

"@sapphire/snowflake@npm:^3.5.3":
  version: 3.5.5
  resolution: "@sapphire/snowflake@npm:3.5.5"
  checksum: 10c0/ca6be43c4d90e7c5843bb6aaed59df5cae796404b6948a0fd03caa841d1fded20b64ef84a9df93325b1c4a01165956a3a4b4cb5d7387efee1611fa09488c7068
  languageName: node
  linkType: hard

"@supabase/auth-js@npm:2.89.0":
  version: 2.89.0
  resolution: "@supabase/auth-js@npm:2.89.0"
  dependencies:
    tslib: "npm:2.8.1"
  checksum: 10c0/b22e231589791437fd261f1f54d62d286875698b7deb0a8c09b1f5a6c33be781641ef3602ba81767a592765cb0d3e934b03f6804c83eef0983083ed048fdf9a4
  languageName: node
  linkType: hard

"@supabase/functions-js@npm:2.89.0":
  version: 2.89.0
  resolution: "@supabase/functions-js@npm:2.89.0"
  dependencies:
    tslib: "npm:2.8.1"
  checksum: 10c0/45f7c98a722500debd1367c271726df5cf53f4be1c8c50f0535a1e58f76ea43867b7eef917876f1232fd6259cfe5deabcbe84b109bec61aa4a7be86073deb01f
  languageName: node
  linkType: hard

"@supabase/postgrest-js@npm:2.89.0":
  version: 2.89.0
  resolution: "@supabase/postgrest-js@npm:2.89.0"
  dependencies:
    tslib: "npm:2.8.1"
  checksum: 10c0/1232f482c5f93fe249e3d51157e07e82c44dbebf72cee367b1180689d0293cd2874f9f78e4f8d38409d5da2793e9ae96ed18c7e80ad1776c30700a5d05f423bd
  languageName: node
  linkType: hard

"@supabase/realtime-js@npm:2.89.0":
  version: 2.89.0
  resolution: "@supabase/realtime-js@npm:2.89.0"
  dependencies:
    "@types/phoenix": "npm:^1.6.6"
    "@types/ws": "npm:^8.18.1"
    tslib: "npm:2.8.1"
    ws: "npm:^8.18.2"
  checksum: 10c0/59f26ae1dd6b53067eed1a37f3e59ee26eb5c84e08b72e0f4a5cb299442b9404f6ba5d7b83d8ebb83ef95b9e4f2842bfe36bfb3824856645bcdfe8a75ec1e210
  languageName: node
  linkType: hard

"@supabase/storage-js@npm:2.89.0":
  version: 2.89.0
  resolution: "@supabase/storage-js@npm:2.89.0"
  dependencies:
    iceberg-js: "npm:^0.8.1"
    tslib: "npm:2.8.1"
  checksum: 10c0/fc6ea247b3dce02b5e73c750bc5394c1436843d429ccbf93e4d826033ddb075fcfe4e0947f0ab0baccaef41654124f108b7ae440f4871a77df7fda180c4cc920
  languageName: node
  linkType: hard

"@supabase/supabase-js@npm:^2.89.0":
  version: 2.89.0
  resolution: "@supabase/supabase-js@npm:2.89.0"
  dependencies:
    "@supabase/auth-js": "npm:2.89.0"
    "@supabase/functions-js": "npm:2.89.0"
    "@supabase/postgrest-js": "npm:2.89.0"
    "@supabase/realtime-js": "npm:2.89.0"
    "@supabase/storage-js": "npm:2.89.0"
  checksum: 10c0/8662023c1003d317ae433316e42d791560614a06b56f466d7586a2fdf54d34db8b184a0b784046665852756dce06f48909318fc54103cf675ec05c5c6d1757dc
  languageName: node
  linkType: hard

"@types/node@npm:*":
  version: 25.0.3
  resolution: "@types/node@npm:25.0.3"
  dependencies:
    undici-types: "npm:~7.16.0"
  checksum: 10c0/b7568f0d765d9469621615e2bb257c7fd1953d95e9acbdb58dffb6627a2c4150d405a4600aa1ad8a40182a94fe5f903cafd3c0a2f5132814debd0e3bfd61f835
  languageName: node
  linkType: hard

"@types/pg@npm:^8.11.10":
  version: 8.16.0
  resolution: "@types/pg@npm:8.16.0"
  dependencies:
    "@types/node": "npm:*"
    pg-protocol: "npm:*"
    pg-types: "npm:^2.2.0"
  checksum: 10c0/421fe7c07d5c0226835d362414a63653f86251ee966150d807ed60174c13921d1b8a3e2f1c2bfba9659ec0282ca50974030c4c1efcd575003eb922ea12ca7d05
  languageName: node
  linkType: hard

"@types/phoenix@npm:^1.6.6":
  version: 1.6.7
  resolution: "@types/phoenix@npm:1.6.7"
  checksum: 10c0/0ff8b6dc7d3d8d4a94d5b6bb4f7792db0d40ddef0dd722651929925663bd6aade2a0d41453dbcf4a31bb65471a2c982b17ba3e43eb7abc31b50c20cc489364a4
  languageName: node
  linkType: hard

"@types/ws@npm:^8.18.1, @types/ws@npm:^8.5.10":
  version: 8.18.1
  resolution: "@types/ws@npm:8.18.1"
  dependencies:
    "@types/node": "npm:*"
  checksum: 10c0/61aff1129143fcc4312f083bc9e9e168aa3026b7dd6e70796276dcfb2c8211c4292603f9c4864fae702f2ed86e4abd4d38aa421831c2fd7f856c931a481afbab
  languageName: node
  linkType: hard

"@vladfrangu/async_event_emitter@npm:^2.2.4, @vladfrangu/async_event_emitter@npm:^2.4.6":
  version: 2.4.7
  resolution: "@vladfrangu/async_event_emitter@npm:2.4.7"
  checksum: 10c0/2007c46b1ca0a51c360a6ca11879cd93c6b61e3227f1c94dfa2d4aba2919a9b778f4c956f778db45a33f9703d519236676ed0cb43b66b8fa477672fd0f5450f4
  languageName: node
  linkType: hard

"abbrev@npm:^4.0.0":
  version: 4.0.0
  resolution: "abbrev@npm:4.0.0"
  checksum: 10c0/b4cc16935235e80702fc90192e349e32f8ef0ed151ef506aa78c81a7c455ec18375c4125414b99f84b2e055199d66383e787675f0bcd87da7a4dbd59f9eac1d5
  languageName: node
  linkType: hard

"agent-base@npm:^7.1.0, agent-base@npm:^7.1.2":
  version: 7.1.4
  resolution: "agent-base@npm:7.1.4"
  checksum: 10c0/c2c9ab7599692d594b6a161559ada307b7a624fa4c7b03e3afdb5a5e31cd0e53269115b620fcab024c5ac6a6f37fa5eb2e004f076ad30f5f7e6b8b671f7b35fe
  languageName: node
  linkType: hard

"cacache@npm:^20.0.1":
  version: 20.0.3
  resolution: "cacache@npm:20.0.3"
  dependencies:
    "@npmcli/fs": "npm:^5.0.0"
    fs-minipass: "npm:^3.0.0"
    glob: "npm:^13.0.0"
    lru-cache: "npm:^11.1.0"
    minipass: "npm:^7.0.3"
    minipass-collect: "npm:^2.0.1"
    minipass-flush: "npm:^1.0.5"
    minipass-pipeline: "npm:^1.2.4"
    p-map: "npm:^7.0.2"
    ssri: "npm:^13.0.0"
    unique-filename: "npm:^5.0.0"
  checksum: 10c0/c7da1ca694d20e8f8aedabd21dc11518f809a7d2b59aa76a1fc655db5a9e62379e465c157ddd2afe34b19230808882288effa6911b2de26a088a6d5645123462
  languageName: node
  linkType: hard

"chownr@npm:^3.0.0":
  version: 3.0.0
  resolution: "chownr@npm:3.0.0"
  checksum: 10c0/43925b87700f7e3893296c8e9c56cc58f926411cce3a6e5898136daaf08f08b9a8eb76d37d3267e707d0dcc17aed2e2ebdf5848c0c3ce95cf910a919935c1b10
  languageName: node
  linkType: hard

"cross-spawn@npm:^7.0.6":
  version: 7.0.6
  resolution: "cross-spawn@npm:7.0.6"
  dependencies:
    path-key: "npm:^3.1.0"
    shebang-command: "npm:^2.0.0"
    which: "npm:^2.0.1"
  checksum: 10c0/053ea8b2135caff68a9e81470e845613e374e7309a47731e81639de3eaeb90c3d01af0e0b44d2ab9d50b43467223b88567dfeb3262db942dc063b9976718ffc1
  languageName: node
  linkType: hard

"debug@npm:4, debug@npm:^4.3.4":
  version: 4.4.3
  resolution: "debug@npm:4.4.3"
  dependencies:
    ms: "npm:^2.1.3"
  peerDependenciesMeta:
    supports-color:
      optional: true
  checksum: 10c0/d79136ec6c83ecbefd0f6a5593da6a9c91ec4d7ddc4b54c883d6e71ec9accb5f67a1a5e96d00a328196b5b5c86d365e98d8a3a70856aaf16b4e7b1985e67f5a6
  languageName: node
  linkType: hard

"discord-api-types@npm:^0.38.1, discord-api-types@npm:^0.38.16, discord-api-types@npm:^0.38.33":
  version: 0.38.37
  resolution: "discord-api-types@npm:0.38.37"
  checksum: 10c0/44edabc383d7ee7d1ca46a69fa33e89991764a4e0843c3fce6ba94ca346d7c4ea72402904d17e61499e55a5fcdc1a0206966a6903cc39bbdb2ee8326eb358371
  languageName: node
  linkType: hard

"discord.js@npm:^14.20.0":
  version: 14.25.1
  resolution: "discord.js@npm:14.25.1"
  dependencies:
    "@discordjs/builders": "npm:^1.13.0"
    "@discordjs/collection": "npm:1.5.3"
    "@discordjs/formatters": "npm:^0.6.2"
    "@discordjs/rest": "npm:^2.6.0"
    "@discordjs/util": "npm:^1.2.0"
    "@discordjs/ws": "npm:^1.2.3"
    "@sapphire/snowflake": "npm:3.5.3"
    discord-api-types: "npm:^0.38.33"
    fast-deep-equal: "npm:3.1.3"
    lodash.snakecase: "npm:4.1.1"
    magic-bytes.js: "npm:^1.10.0"
    tslib: "npm:^2.6.3"
    undici: "npm:6.21.3"
  checksum: 10c0/7510525accc75b192ddda8804a052d6a51c5357935ce9c6b5051615f96390e269a3b3d9ec50fae91ec08ff218fc03013e3d74e7149fab575ff7b321f446ab442
  languageName: node
  linkType: hard

"dotenv-cli@npm:^8.0.0":
  version: 8.0.0
  resolution: "dotenv-cli@npm:8.0.0"
  dependencies:
    cross-spawn: "npm:^7.0.6"
    dotenv: "npm:^16.3.0"
    dotenv-expand: "npm:^10.0.0"
    minimist: "npm:^1.2.6"
  bin:
    dotenv: cli.js
  checksum: 10c0/000469632758b7b44aaaa80cbbbd7f0c94dc170ec02e51aa8d8280341a0108fb7407954c23054257b77235b064033efdb8745836633eb6fd1586924953cf0528
  languageName: node
  linkType: hard

"dotenv-expand@npm:^10.0.0":
  version: 10.0.0
  resolution: "dotenv-expand@npm:10.0.0"
  checksum: 10c0/298f5018e29cfdcb0b5f463ba8e8627749103fbcf6cf81c561119115754ed582deee37b49dfc7253028aaba875ab7aea5fa90e5dac88e511d009ab0e6677924e
  languageName: node
  linkType: hard

"dotenv@npm:^16.3.0":
  version: 16.6.1
  resolution: "dotenv@npm:16.6.1"
  checksum: 10c0/15ce56608326ea0d1d9414a5c8ee6dcf0fffc79d2c16422b4ac2268e7e2d76ff5a572d37ffe747c377de12005f14b3cc22361e79fc7f1061cce81f77d2c973dc
  languageName: node
  linkType: hard

"encoding@npm:^0.1.13":
  version: 0.1.13
  resolution: "encoding@npm:0.1.13"
  dependencies:
    iconv-lite: "npm:^0.6.2"
  checksum: 10c0/36d938712ff00fe1f4bac88b43bcffb5930c1efa57bbcdca9d67e1d9d6c57cfb1200fb01efe0f3109b2ce99b231f90779532814a81370a1bd3274a0f58585039
  languageName: node
  linkType: hard

"env-paths@npm:^2.2.0":
  version: 2.2.1
  resolution: "env-paths@npm:2.2.1"
  checksum: 10c0/285325677bf00e30845e330eec32894f5105529db97496ee3f598478e50f008c5352a41a30e5e72ec9de8a542b5a570b85699cd63bd2bc646dbcb9f311d83bc4
  languageName: node
  linkType: hard

"err-code@npm:^2.0.2":
  version: 2.0.3
  resolution: "err-code@npm:2.0.3"
  checksum: 10c0/b642f7b4dd4a376e954947550a3065a9ece6733ab8e51ad80db727aaae0817c2e99b02a97a3d6cecc648a97848305e728289cf312d09af395403a90c9d4d8a66
  languageName: node
  linkType: hard

"esbuild@npm:~0.27.0":
  version: 0.27.2
  resolution: "esbuild@npm:0.27.2"
  dependencies:
    "@esbuild/aix-ppc64": "npm:0.27.2"
    "@esbuild/android-arm": "npm:0.27.2"
    "@esbuild/android-arm64": "npm:0.27.2"
    "@esbuild/android-x64": "npm:0.27.2"
    "@esbuild/darwin-arm64": "npm:0.27.2"
    "@esbuild/darwin-x64": "npm:0.27.2"
    "@esbuild/freebsd-arm64": "npm:0.27.2"
    "@esbuild/freebsd-x64": "npm:0.27.2"
    "@esbuild/linux-arm": "npm:0.27.2"
    "@esbuild/linux-arm64": "npm:0.27.2"
    "@esbuild/linux-ia32": "npm:0.27.2"
    "@esbuild/linux-loong64": "npm:0.27.2"
    "@esbuild/linux-mips64el": "npm:0.27.2"
    "@esbuild/linux-ppc64": "npm:0.27.2"
    "@esbuild/linux-riscv64": "npm:0.27.2"
    "@esbuild/linux-s390x": "npm:0.27.2"
    "@esbuild/linux-x64": "npm:0.27.2"
    "@esbuild/netbsd-arm64": "npm:0.27.2"
    "@esbuild/netbsd-x64": "npm:0.27.2"
    "@esbuild/openbsd-arm64": "npm:0.27.2"
    "@esbuild/openbsd-x64": "npm:0.27.2"
    "@esbuild/openharmony-arm64": "npm:0.27.2"
    "@esbuild/sunos-x64": "npm:0.27.2"
    "@esbuild/win32-arm64": "npm:0.27.2"
    "@esbuild/win32-ia32": "npm:0.27.2"
    "@esbuild/win32-x64": "npm:0.27.2"
  dependenciesMeta:
    "@esbuild/aix-ppc64":
      optional: true
    "@esbuild/android-arm":
      optional: true
    "@esbuild/android-arm64":
      optional: true
    "@esbuild/android-x64":
      optional: true
    "@esbuild/darwin-arm64":
      optional: true
    "@esbuild/darwin-x64":
      optional: true
    "@esbuild/freebsd-arm64":
      optional: true
    "@esbuild/freebsd-x64":
      optional: true
    "@esbuild/linux-arm":
      optional: true
    "@esbuild/linux-arm64":
      optional: true
    "@esbuild/linux-ia32":
      optional: true
    "@esbuild/linux-loong64":
      optional: true
    "@esbuild/linux-mips64el":
      optional: true
    "@esbuild/linux-ppc64":
      optional: true
    "@esbuild/linux-riscv64":
      optional: true
    "@esbuild/linux-s390x":
      optional: true
    "@esbuild/linux-x64":
      optional: true
    "@esbuild/netbsd-arm64":
      optional: true
    "@esbuild/netbsd-x64":
      optional: true
    "@esbuild/openbsd-arm64":
      optional: true
    "@esbuild/openbsd-x64":
      optional: true
    "@esbuild/openharmony-arm64":
      optional: true
    "@esbuild/sunos-x64":
      optional: true
    "@esbuild/win32-arm64":
      optional: true
    "@esbuild/win32-ia32":
      optional: true
    "@esbuild/win32-x64":
      optional: true
  bin:
    esbuild: bin/esbuild
  checksum: 10c0/cf83f626f55500f521d5fe7f4bc5871bec240d3deb2a01fbd379edc43b3664d1167428738a5aad8794b35d1cca985c44c375b1cd38a2ca613c77ced2c83aafcd
  languageName: node
  linkType: hard

"exponential-backoff@npm:^3.1.1":
  version: 3.1.3
  resolution: "exponential-backoff@npm:3.1.3"
  checksum: 10c0/77e3ae682b7b1f4972f563c6dbcd2b0d54ac679e62d5d32f3e5085feba20483cf28bd505543f520e287a56d4d55a28d7874299941faf637e779a1aa5994d1267
  languageName: node
  linkType: hard

"fast-deep-equal@npm:3.1.3, fast-deep-equal@npm:^3.1.3":
  version: 3.1.3
  resolution: "fast-deep-equal@npm:3.1.3"
  checksum: 10c0/40dedc862eb8992c54579c66d914635afbec43350afbbe991235fdcb4e3a8d5af1b23ae7e79bef7d4882d0ecee06c3197488026998fb19f72dc95acff1d1b1d0
  languageName: node
  linkType: hard

"fdir@npm:^6.5.0":
  version: 6.5.0
  resolution: "fdir@npm:6.5.0"
  peerDependencies:
    picomatch: ^3 || ^4
  peerDependenciesMeta:
    picomatch:
      optional: true
  checksum: 10c0/e345083c4306b3aed6cb8ec551e26c36bab5c511e99ea4576a16750ddc8d3240e63826cc624f5ae17ad4dc82e68a253213b60d556c11bfad064b7607847ed07f
  languageName: node
  linkType: hard

"fs-minipass@npm:^3.0.0":
  version: 3.0.3
  resolution: "fs-minipass@npm:3.0.3"
  dependencies:
    minipass: "npm:^7.0.3"
  checksum: 10c0/63e80da2ff9b621e2cb1596abcb9207f1cf82b968b116ccd7b959e3323144cce7fb141462200971c38bbf2ecca51695069db45265705bed09a7cd93ae5b89f94
  languageName: node
  linkType: hard

"fsevents@npm:~2.3.3":
  version: 2.3.3
  resolution: "fsevents@npm:2.3.3"
  dependencies:
    node-gyp: "npm:latest"
  checksum: 10c0/a1f0c44595123ed717febbc478aa952e47adfc28e2092be66b8ab1635147254ca6cfe1df792a8997f22716d4cbafc73309899ff7bfac2ac3ad8cf2e4ecc3ec60
  conditions: os=darwin
  languageName: node
  linkType: hard

"fsevents@patch:fsevents@npm%3A~2.3.3#optional!builtin<compat/fsevents>":
  version: 2.3.3
  resolution: "fsevents@patch:fsevents@npm%3A2.3.3#optional!builtin<compat/fsevents>::version=2.3.3&hash=df0bf1"
  dependencies:
    node-gyp: "npm:latest"
  conditions: os=darwin
  languageName: node
  linkType: hard

"get-tsconfig@npm:^4.7.5":
  version: 4.13.0
  resolution: "get-tsconfig@npm:4.13.0"
  dependencies:
    resolve-pkg-maps: "npm:^1.0.0"
  checksum: 10c0/2c49ef8d3907047a107f229fd610386fe3b7fe9e42dfd6b42e7406499493cdda8c62e83e57e8d7a98125610774b9f604d3a0ff308d7f9de5c7ac6d1b07cb6036
  languageName: node
  linkType: hard

"glob@npm:^13.0.0":
  version: 13.0.0
  resolution: "glob@npm:13.0.0"
  dependencies:
    minimatch: "npm:^10.1.1"
    minipass: "npm:^7.1.2"
    path-scurry: "npm:^2.0.0"
  checksum: 10c0/8e2f5821f3f7c312dd102e23a15b80c79e0837a9872784293ba2e15ec73b3f3749a49a42a31bfcb4e52c84820a474e92331c2eebf18819d20308f5c33876630a
  languageName: node
  linkType: hard

"graceful-fs@npm:^4.2.6":
  version: 4.2.11
  resolution: "graceful-fs@npm:4.2.11"
  checksum: 10c0/386d011a553e02bc594ac2ca0bd6d9e4c22d7fa8cfbfc448a6d148c59ea881b092db9dbe3547ae4b88e55f1b01f7c4a2ecc53b310c042793e63aa44cf6c257f2
  languageName: node
  linkType: hard

"http-cache-semantics@npm:^4.1.1":
  version: 4.2.0
  resolution: "http-cache-semantics@npm:4.2.0"
  checksum: 10c0/45b66a945cf13ec2d1f29432277201313babf4a01d9e52f44b31ca923434083afeca03f18417f599c9ab3d0e7b618ceb21257542338b57c54b710463b4a53e37
  languageName: node
  linkType: hard

"http-proxy-agent@npm:^7.0.0":
  version: 7.0.2
  resolution: "http-proxy-agent@npm:7.0.2"
  dependencies:
    agent-base: "npm:^7.1.0"
    debug: "npm:^4.3.4"
  checksum: 10c0/4207b06a4580fb85dd6dff521f0abf6db517489e70863dca1a0291daa7f2d3d2d6015a57bd702af068ea5cf9f1f6ff72314f5f5b4228d299c0904135d2aef921
  languageName: node
  linkType: hard

"https-proxy-agent@npm:^7.0.1":
  version: 7.0.6
  resolution: "https-proxy-agent@npm:7.0.6"
  dependencies:
    agent-base: "npm:^7.1.2"
    debug: "npm:4"
  checksum: 10c0/f729219bc735edb621fa30e6e84e60ee5d00802b8247aac0d7b79b0bd6d4b3294737a337b93b86a0bd9e68099d031858a39260c976dc14cdbba238ba1f8779ac
  languageName: node
  linkType: hard

"iceberg-js@npm:^0.8.1":
  version: 0.8.1
  resolution: "iceberg-js@npm:0.8.1"
  checksum: 10c0/e504da64cc26e8ad7c5344353a7203c671a740c14eb6086f20505f5e9739cab774493e616032530c962df97f2a855115cc2e89a47dd81581df5917b21a69ec48
  languageName: node
  linkType: hard

"iconv-lite@npm:^0.6.2":
  version: 0.6.3
  resolution: "iconv-lite@npm:0.6.3"
  dependencies:
    safer-buffer: "npm:>= 2.1.2 < 3.0.0"
  checksum: 10c0/98102bc66b33fcf5ac044099d1257ba0b7ad5e3ccd3221f34dd508ab4070edff183276221684e1e0555b145fce0850c9f7d2b60a9fcac50fbb4ea0d6e845a3b1
  languageName: node
  linkType: hard

"imurmurhash@npm:^0.1.4":
  version: 0.1.4
  resolution: "imurmurhash@npm:0.1.4"
  checksum: 10c0/8b51313850dd33605c6c9d3fd9638b714f4c4c40250cff658209f30d40da60f78992fb2df5dabee4acf589a6a82bbc79ad5486550754bd9ec4e3fc0d4a57d6a6
  languageName: node
  linkType: hard

"ip-address@npm:^10.0.1":
  version: 10.1.0
  resolution: "ip-address@npm:10.1.0"
  checksum: 10c0/0103516cfa93f6433b3bd7333fa876eb21263912329bfa47010af5e16934eeeff86f3d2ae700a3744a137839ddfad62b900c7a445607884a49b5d1e32a3d7566
  languageName: node
  linkType: hard

"isexe@npm:^2.0.0":
  version: 2.0.0
  resolution: "isexe@npm:2.0.0"
  checksum: 10c0/228cfa503fadc2c31596ab06ed6aa82c9976eec2bfd83397e7eaf06d0ccf42cd1dfd6743bf9aeb01aebd4156d009994c5f76ea898d2832c1fe342da923ca457d
  languageName: node
  linkType: hard

"isexe@npm:^3.1.1":
  version: 3.1.1
  resolution: "isexe@npm:3.1.1"
  checksum: 10c0/9ec257654093443eb0a528a9c8cbba9c0ca7616ccb40abd6dde7202734d96bb86e4ac0d764f0f8cd965856aacbff2f4ce23e730dc19dfb41e3b0d865ca6fdcc7
  languageName: node
  linkType: hard

"lodash.snakecase@npm:4.1.1":
  version: 4.1.1
  resolution: "lodash.snakecase@npm:4.1.1"
  checksum: 10c0/f0b3f2497eb20eea1a1cfc22d645ecaeb78ac14593eb0a40057977606d2f35f7aaff0913a06553c783b535aafc55b718f523f9eb78f8d5293f492af41002eaf9
  languageName: node
  linkType: hard

"lodash@npm:^4.17.21":
  version: 4.17.21
  resolution: "lodash@npm:4.17.21"
  checksum: 10c0/d8cbea072bb08655bb4c989da418994b073a608dffa608b09ac04b43a791b12aeae7cd7ad919aa4c925f33b48490b5cfe6c1f71d827956071dae2e7bb3a6b74c
  languageName: node
  linkType: hard

"lru-cache@npm:^11.0.0, lru-cache@npm:^11.1.0, lru-cache@npm:^11.2.1":
  version: 11.2.4
  resolution: "lru-cache@npm:11.2.4"
  checksum: 10c0/4a24f9b17537619f9144d7b8e42cd5a225efdfd7076ebe7b5e7dc02b860a818455201e67fbf000765233fe7e339d3c8229fc815e9b58ee6ede511e07608c19b2
  languageName: node
  linkType: hard

"magic-bytes.js@npm:^1.10.0":
  version: 1.12.1
  resolution: "magic-bytes.js@npm:1.12.1"
  checksum: 10c0/c99fc520d796d7b3f554728050252ee515707ffcd66b7db7dc4b0632863416e6a60b947ac4f97846267171d2856da7ab6dbfb2b910567e5b6cf9910fc1099de4
  languageName: node
  linkType: hard

"make-fetch-happen@npm:^15.0.0":
  version: 15.0.3
  resolution: "make-fetch-happen@npm:15.0.3"
  dependencies:
    "@npmcli/agent": "npm:^4.0.0"
    cacache: "npm:^20.0.1"
    http-cache-semantics: "npm:^4.1.1"
    minipass: "npm:^7.0.2"
    minipass-fetch: "npm:^5.0.0"
    minipass-flush: "npm:^1.0.5"
    minipass-pipeline: "npm:^1.2.4"
    negotiator: "npm:^1.0.0"
    proc-log: "npm:^6.0.0"
    promise-retry: "npm:^2.0.1"
    ssri: "npm:^13.0.0"
  checksum: 10c0/525f74915660be60b616bcbd267c4a5b59481b073ba125e45c9c3a041bb1a47a2bd0ae79d028eb6f5f95bf9851a4158423f5068539c3093621abb64027e8e461
  languageName: node
  linkType: hard

"minimatch@npm:^10.1.1":
  version: 10.1.1
  resolution: "minimatch@npm:10.1.1"
  dependencies:
    "@isaacs/brace-expansion": "npm:^5.0.0"
  checksum: 10c0/c85d44821c71973d636091fddbfbffe62370f5ee3caf0241c5b60c18cd289e916200acb2361b7e987558cd06896d153e25d505db9fc1e43e6b4b6752e2702902
  languageName: node
  linkType: hard

"minimist@npm:^1.2.6":
  version: 1.2.8
  resolution: "minimist@npm:1.2.8"
  checksum: 10c0/19d3fcdca050087b84c2029841a093691a91259a47def2f18222f41e7645a0b7c44ef4b40e88a1e58a40c84d2ef0ee6047c55594d298146d0eb3f6b737c20ce6
  languageName: node
  linkType: hard

"minipass-collect@npm:^2.0.1":
  version: 2.0.1
  resolution: "minipass-collect@npm:2.0.1"
  dependencies:
    minipass: "npm:^7.0.3"
  checksum: 10c0/5167e73f62bb74cc5019594709c77e6a742051a647fe9499abf03c71dca75515b7959d67a764bdc4f8b361cf897fbf25e2d9869ee039203ed45240f48b9aa06e
  languageName: node
  linkType: hard

"minipass-fetch@npm:^5.0.0":
  version: 5.0.0
  resolution: "minipass-fetch@npm:5.0.0"
  dependencies:
    encoding: "npm:^0.1.13"
    minipass: "npm:^7.0.3"
    minipass-sized: "npm:^1.0.3"
    minizlib: "npm:^3.0.1"
  dependenciesMeta:
    encoding:
      optional: true
  checksum: 10c0/9443aab5feab190972f84b64116e54e58dd87a58e62399cae0a4a7461b80568281039b7c3a38ba96453431ebc799d1e26999e548540156216729a4967cd5ef06
  languageName: node
  linkType: hard

"minipass-flush@npm:^1.0.5":
  version: 1.0.5
  resolution: "minipass-flush@npm:1.0.5"
  dependencies:
    minipass: "npm:^3.0.0"
  checksum: 10c0/2a51b63feb799d2bb34669205eee7c0eaf9dce01883261a5b77410c9408aa447e478efd191b4de6fc1101e796ff5892f8443ef20d9544385819093dbb32d36bd
  languageName: node
  linkType: hard

"minipass-pipeline@npm:^1.2.4":
  version: 1.2.4
  resolution: "minipass-pipeline@npm:1.2.4"
  dependencies:
    minipass: "npm:^3.0.0"
  checksum: 10c0/cbda57cea20b140b797505dc2cac71581a70b3247b84480c1fed5ca5ba46c25ecc25f68bfc9e6dcb1a6e9017dab5c7ada5eab73ad4f0a49d84e35093e0c643f2
  languageName: node
  linkType: hard

"minipass-sized@npm:^1.0.3":
  version: 1.0.3
  resolution: "minipass-sized@npm:1.0.3"
  dependencies:
    minipass: "npm:^3.0.0"
  checksum: 10c0/298f124753efdc745cfe0f2bdfdd81ba25b9f4e753ca4a2066eb17c821f25d48acea607dfc997633ee5bf7b6dfffb4eee4f2051eb168663f0b99fad2fa4829cb
  languageName: node
  linkType: hard

"minipass@npm:^3.0.0":
  version: 3.3.6
  resolution: "minipass@npm:3.3.6"
  dependencies:
    yallist: "npm:^4.0.0"
  checksum: 10c0/a114746943afa1dbbca8249e706d1d38b85ed1298b530f5808ce51f8e9e941962e2a5ad2e00eae7dd21d8a4aae6586a66d4216d1a259385e9d0358f0c1eba16c
  languageName: node
  linkType: hard

"minipass@npm:^7.0.2, minipass@npm:^7.0.3, minipass@npm:^7.0.4, minipass@npm:^7.1.2":
  version: 7.1.2
  resolution: "minipass@npm:7.1.2"
  checksum: 10c0/b0fd20bb9fb56e5fa9a8bfac539e8915ae07430a619e4b86ff71f5fc757ef3924b23b2c4230393af1eda647ed3d75739e4e0acb250a6b1eb277cf7f8fe449557
  languageName: node
  linkType: hard

"minizlib@npm:^3.0.1, minizlib@npm:^3.1.0":
  version: 3.1.0
  resolution: "minizlib@npm:3.1.0"
  dependencies:
    minipass: "npm:^7.1.2"
  checksum: 10c0/5aad75ab0090b8266069c9aabe582c021ae53eb33c6c691054a13a45db3b4f91a7fb1bd79151e6b4e9e9a86727b522527c0a06ec7d45206b745d54cd3097bcec
  languageName: node
  linkType: hard

"ms@npm:^2.1.3":
  version: 2.1.3
  resolution: "ms@npm:2.1.3"
  checksum: 10c0/d924b57e7312b3b63ad21fc5b3dc0af5e78d61a1fc7cfb5457edaf26326bf62be5307cc87ffb6862ef1c2b33b0233cdb5d4f01c4c958cc0d660948b65a287a48
  languageName: node
  linkType: hard

"negotiator@npm:^1.0.0":
  version: 1.0.0
  resolution: "negotiator@npm:1.0.0"
  checksum: 10c0/4c559dd52669ea48e1914f9d634227c561221dd54734070791f999c52ed0ff36e437b2e07d5c1f6e32909fc625fe46491c16e4a8f0572567d4dd15c3a4fda04b
  languageName: node
  linkType: hard

"node-gyp@npm:latest":
  version: 12.1.0
  resolution: "node-gyp@npm:12.1.0"
  dependencies:
    env-paths: "npm:^2.2.0"
    exponential-backoff: "npm:^3.1.1"
    graceful-fs: "npm:^4.2.6"
    make-fetch-happen: "npm:^15.0.0"
    nopt: "npm:^9.0.0"
    proc-log: "npm:^6.0.0"
    semver: "npm:^7.3.5"
    tar: "npm:^7.5.2"
    tinyglobby: "npm:^0.2.12"
    which: "npm:^6.0.0"
  bin:
    node-gyp: bin/node-gyp.js
  checksum: 10c0/f43efea8aaf0beb6b2f6184e533edad779b2ae38062953e21951f46221dd104006cc574154f2ad4a135467a5aae92c49e84ef289311a82e08481c5df0e8dc495
  languageName: node
  linkType: hard

"nopt@npm:^9.0.0":
  version: 9.0.0
  resolution: "nopt@npm:9.0.0"
  dependencies:
    abbrev: "npm:^4.0.0"
  bin:
    nopt: bin/nopt.js
  checksum: 10c0/1822eb6f9b020ef6f7a7516d7b64a8036e09666ea55ac40416c36e4b2b343122c3cff0e2f085675f53de1d2db99a2a89a60ccea1d120bcd6a5347bf6ceb4a7fd
  languageName: node
  linkType: hard

"p-map@npm:^7.0.2":
  version: 7.0.4
  resolution: "p-map@npm:7.0.4"
  checksum: 10c0/a5030935d3cb2919d7e89454d1ce82141e6f9955413658b8c9403cfe379283770ed3048146b44cde168aa9e8c716505f196d5689db0ae3ce9a71521a2fef3abd
  languageName: node
  linkType: hard

"path-key@npm:^3.1.0":
  version: 3.1.1
  resolution: "path-key@npm:3.1.1"
  checksum: 10c0/748c43efd5a569c039d7a00a03b58eecd1d75f3999f5a28303d75f521288df4823bc057d8784eb72358b2895a05f29a070bc9f1f17d28226cc4e62494cc58c4c
  languageName: node
  linkType: hard

"path-scurry@npm:^2.0.0":
  version: 2.0.1
  resolution: "path-scurry@npm:2.0.1"
  dependencies:
    lru-cache: "npm:^11.0.0"
    minipass: "npm:^7.1.2"
  checksum: 10c0/2a16ed0e81fbc43513e245aa5763354e25e787dab0d539581a6c3f0f967461a159ed6236b2559de23aa5b88e7dc32b469b6c47568833dd142a4b24b4f5cd2620
  languageName: node
  linkType: hard

"pg-cloudflare@npm:^1.2.7":
  version: 1.2.7
  resolution: "pg-cloudflare@npm:1.2.7"
  checksum: 10c0/8a52713dbdecc9d389dc4e65e3b7ede2e199ec3715f7491ee80a15db171f2d75677a102e9c2cef0cb91a2f310e91f976eaec0dd6ef5d8bf357de0b948f9d9431
  languageName: node
  linkType: hard

"pg-connection-string@npm:^2.9.1":
  version: 2.9.1
  resolution: "pg-connection-string@npm:2.9.1"
  checksum: 10c0/9a646529bbc0843806fc5de98ce93735a4612b571f11867178a85665d11989a827e6fd157388ca0e34ec948098564fce836c178cfd499b9f0e8cd9972b8e2e5c
  languageName: node
  linkType: hard

"pg-int8@npm:1.0.1":
  version: 1.0.1
  resolution: "pg-int8@npm:1.0.1"
  checksum: 10c0/be6a02d851fc2a4ae3e9de81710d861de3ba35ac927268973eb3cb618873a05b9424656df464dd43bd7dc3fc5295c3f5b3c8349494f87c7af50ec59ef14e0b98
  languageName: node
  linkType: hard

"pg-pool@npm:^3.10.1":
  version: 3.10.1
  resolution: "pg-pool@npm:3.10.1"
  peerDependencies:
    pg: ">=8.0"
  checksum: 10c0/a00916b7df64226cc597fe769e3a757ff9b11562dc87ce5b0a54101a18c1fe282daaa2accaf27221e81e1e4cdf4da6a33dab09614734d32904d6c4e11c44a079
  languageName: node
  linkType: hard

"pg-protocol@npm:*, pg-protocol@npm:^1.10.3":
  version: 1.10.3
  resolution: "pg-protocol@npm:1.10.3"
  checksum: 10c0/f7ef54708c93ee6d271e37678296fc5097e4337fca91a88a3d99359b78633dbdbf6e983f0adb34b7cdd261b7ec7266deb20c3233bf3dfdb498b3e1098e8750b9
  languageName: node
  linkType: hard

"pg-types@npm:2.2.0, pg-types@npm:^2.2.0":
  version: 2.2.0
  resolution: "pg-types@npm:2.2.0"
  dependencies:
    pg-int8: "npm:1.0.1"
    postgres-array: "npm:~2.0.0"
    postgres-bytea: "npm:~1.0.0"
    postgres-date: "npm:~1.0.4"
    postgres-interval: "npm:^1.1.0"
  checksum: 10c0/ab3f8069a323f601cd2d2279ca8c425447dab3f9b61d933b0601d7ffc00d6200df25e26a4290b2b0783b59278198f7dd2ed03e94c4875797919605116a577c65
  languageName: node
  linkType: hard

"pg@npm:^8.13.1":
  version: 8.16.3
  resolution: "pg@npm:8.16.3"
  dependencies:
    pg-cloudflare: "npm:^1.2.7"
    pg-connection-string: "npm:^2.9.1"
    pg-pool: "npm:^3.10.1"
    pg-protocol: "npm:^1.10.3"
    pg-types: "npm:2.2.0"
    pgpass: "npm:1.0.5"
  peerDependencies:
    pg-native: ">=3.0.1"
  dependenciesMeta:
    pg-cloudflare:
      optional: true
  peerDependenciesMeta:
    pg-native:
      optional: true
  checksum: 10c0/a6a407ff0efb7599760d72ffdcda47a74c34c0fd71d896623caac45cf2cfb0f49a10973cce23110f182b9810639a1e9f6904454d7358c7001574ee0ffdcbce2a
  languageName: node
  linkType: hard

"pgpass@npm:1.0.5":
  version: 1.0.5
  resolution: "pgpass@npm:1.0.5"
  dependencies:
    split2: "npm:^4.1.0"
  checksum: 10c0/5ea6c9b2de04c33abb08d33a2dded303c4a3c7162a9264519cbe85c0a9857d712463140ba42fad0c7cd4b21f644dd870b45bb2e02fcbe505b4de0744fd802c1d
  languageName: node
  linkType: hard

"picomatch@npm:^4.0.3":
  version: 4.0.3
  resolution: "picomatch@npm:4.0.3"
  checksum: 10c0/9582c951e95eebee5434f59e426cddd228a7b97a0161a375aed4be244bd3fe8e3a31b846808ea14ef2c8a2527a6eeab7b3946a67d5979e81694654f939473ae2
  languageName: node
  linkType: hard

"postgres-array@npm:~2.0.0":
  version: 2.0.0
  resolution: "postgres-array@npm:2.0.0"
  checksum: 10c0/cbd56207e4141d7fbf08c86f2aebf21fa7064943d3f808ec85f442ff94b48d891e7a144cc02665fb2de5dbcb9b8e3183a2ac749959e794b4a4cfd379d7a21d08
  languageName: node
  linkType: hard

"postgres-bytea@npm:~1.0.0":
  version: 1.0.1
  resolution: "postgres-bytea@npm:1.0.1"
  checksum: 10c0/10b28a27c9d703d5befd97c443e62b551096d1014bc59ab574c65bf0688de7f3f068003b2aea8dcff83cf0f6f9a35f9f74457c38856cf8eb81b00cf3fb44f164
  languageName: node
  linkType: hard

"postgres-date@npm:~1.0.4":
  version: 1.0.7
  resolution: "postgres-date@npm:1.0.7"
  checksum: 10c0/0ff91fccc64003e10b767fcfeefb5eaffbc522c93aa65d5051c49b3c4ce6cb93ab091a7d22877a90ad60b8874202c6f1d0f935f38a7235ed3b258efd54b97ca9
  languageName: node
  linkType: hard

"postgres-interval@npm:^1.1.0":
  version: 1.2.0
  resolution: "postgres-interval@npm:1.2.0"
  dependencies:
    xtend: "npm:^4.0.0"
  checksum: 10c0/c1734c3cb79e7f22579af0b268a463b1fa1d084e742a02a7a290c4f041e349456f3bee3b4ee0bb3f226828597f7b76deb615c1b857db9a742c45520100456272
  languageName: node
  linkType: hard

"proc-log@npm:^6.0.0":
  version: 6.1.0
  resolution: "proc-log@npm:6.1.0"
  checksum: 10c0/4f178d4062733ead9d71a9b1ab24ebcecdfe2250916a5b1555f04fe2eda972a0ec76fbaa8df1ad9c02707add6749219d118a4fc46dc56bdfe4dde4b47d80bb82
  languageName: node
  linkType: hard

"promise-retry@npm:^2.0.1":
  version: 2.0.1
  resolution: "promise-retry@npm:2.0.1"
  dependencies:
    err-code: "npm:^2.0.2"
    retry: "npm:^0.12.0"
  checksum: 10c0/9c7045a1a2928094b5b9b15336dcd2a7b1c052f674550df63cc3f36cd44028e5080448175b6f6ca32b642de81150f5e7b1a98b728f15cb069f2dd60ac2616b96
  languageName: node
  linkType: hard

"resolve-pkg-maps@npm:^1.0.0":
  version: 1.0.0
  resolution: "resolve-pkg-maps@npm:1.0.0"
  checksum: 10c0/fb8f7bbe2ca281a73b7ef423a1cbc786fb244bd7a95cbe5c3fba25b27d327150beca8ba02f622baea65919a57e061eb5005204daa5f93ed590d9b77463a567ab
  languageName: node
  linkType: hard

"retry@npm:^0.12.0":
  version: 0.12.0
  resolution: "retry@npm:0.12.0"
  checksum: 10c0/59933e8501727ba13ad73ef4a04d5280b3717fd650408460c987392efe9d7be2040778ed8ebe933c5cbd63da3dcc37919c141ef8af0a54a6e4fca5a2af177bfe
  languageName: node
  linkType: hard

"safer-buffer@npm:>= 2.1.2 < 3.0.0":
  version: 2.1.2
  resolution: "safer-buffer@npm:2.1.2"
  checksum: 10c0/7e3c8b2e88a1841c9671094bbaeebd94448111dd90a81a1f606f3f67708a6ec57763b3b47f06da09fc6054193e0e6709e77325415dc8422b04497a8070fa02d4
  languageName: node
  linkType: hard

"semver@npm:^7.3.5":
  version: 7.7.3
  resolution: "semver@npm:7.7.3"
  bin:
    semver: bin/semver.js
  checksum: 10c0/4afe5c986567db82f44c8c6faef8fe9df2a9b1d98098fc1721f57c696c4c21cebd572f297fc21002f81889492345b8470473bc6f4aff5fb032a6ea59ea2bc45e
  languageName: node
  linkType: hard

"shebang-command@npm:^2.0.0":
  version: 2.0.0
  resolution: "shebang-command@npm:2.0.0"
  dependencies:
    shebang-regex: "npm:^3.0.0"
  checksum: 10c0/a41692e7d89a553ef21d324a5cceb5f686d1f3c040759c50aab69688634688c5c327f26f3ecf7001ebfd78c01f3c7c0a11a7c8bfd0a8bc9f6240d4f40b224e4e
  languageName: node
  linkType: hard

"shebang-regex@npm:^3.0.0":
  version: 3.0.0
  resolution: "shebang-regex@npm:3.0.0"
  checksum: 10c0/1dbed0726dd0e1152a92696c76c7f06084eb32a90f0528d11acd764043aacf76994b2fb30aa1291a21bd019d6699164d048286309a278855ee7bec06cf6fb690
  languageName: node
  linkType: hard

"smart-buffer@npm:^4.2.0":
  version: 4.2.0
  resolution: "smart-buffer@npm:4.2.0"
  checksum: 10c0/a16775323e1404dd43fabafe7460be13a471e021637bc7889468eb45ce6a6b207261f454e4e530a19500cc962c4cc5348583520843b363f4193cee5c00e1e539
  languageName: node
  linkType: hard

"socks-proxy-agent@npm:^8.0.3":
  version: 8.0.5
  resolution: "socks-proxy-agent@npm:8.0.5"
  dependencies:
    agent-base: "npm:^7.1.2"
    debug: "npm:^4.3.4"
    socks: "npm:^2.8.3"
  checksum: 10c0/5d2c6cecba6821389aabf18728325730504bf9bb1d9e342e7987a5d13badd7a98838cc9a55b8ed3cb866ad37cc23e1086f09c4d72d93105ce9dfe76330e9d2a6
  languageName: node
  linkType: hard

"socks@npm:^2.8.3":
  version: 2.8.7
  resolution: "socks@npm:2.8.7"
  dependencies:
    ip-address: "npm:^10.0.1"
    smart-buffer: "npm:^4.2.0"
  checksum: 10c0/2805a43a1c4bcf9ebf6e018268d87b32b32b06fbbc1f9282573583acc155860dc361500f89c73bfbb157caa1b4ac78059eac0ef15d1811eb0ca75e0bdadbc9d2
  languageName: node
  linkType: hard

"split2@npm:^4.1.0":
  version: 4.2.0
  resolution: "split2@npm:4.2.0"
  checksum: 10c0/b292beb8ce9215f8c642bb68be6249c5a4c7f332fc8ecadae7be5cbdf1ea95addc95f0459ef2e7ad9d45fd1064698a097e4eb211c83e772b49bc0ee423e91534
  languageName: node
  linkType: hard

"ssri@npm:^13.0.0":
  version: 13.0.0
  resolution: "ssri@npm:13.0.0"
  dependencies:
    minipass: "npm:^7.0.3"
  checksum: 10c0/405f3a531cd98b013cecb355d63555dca42fd12c7bc6671738aaa9a82882ff41cdf0ef9a2b734ca4f9a760338f114c29d01d9238a65db3ccac27929bd6e6d4b2
  languageName: node
  linkType: hard

"tar@npm:^7.5.2":
  version: 7.5.2
  resolution: "tar@npm:7.5.2"
  dependencies:
    "@isaacs/fs-minipass": "npm:^4.0.0"
    chownr: "npm:^3.0.0"
    minipass: "npm:^7.1.2"
    minizlib: "npm:^3.1.0"
    yallist: "npm:^5.0.0"
  checksum: 10c0/a7d8b801139b52f93a7e34830db0de54c5aa45487c7cb551f6f3d44a112c67f1cb8ffdae856b05fd4f17b1749911f1c26f1e3a23bbe0279e17fd96077f13f467
  languageName: node
  linkType: hard

"tinyglobby@npm:^0.2.12":
  version: 0.2.15
  resolution: "tinyglobby@npm:0.2.15"
  dependencies:
    fdir: "npm:^6.5.0"
    picomatch: "npm:^4.0.3"
  checksum: 10c0/869c31490d0d88eedb8305d178d4c75e7463e820df5a9b9d388291daf93e8b1eb5de1dad1c1e139767e4269fe75f3b10d5009b2cc14db96ff98986920a186844
  languageName: node
  linkType: hard

"ts-mixer@npm:^6.0.4":
  version: 6.0.4
  resolution: "ts-mixer@npm:6.0.4"
  checksum: 10c0/4c442fc99cdffd4a3f0ce55c624fb703f4ded5cab6912f97705489565c4a74d3e4213f10c33499ec5150900a628d38537a9a6a9e35b5045b65129a84b4db21ae
  languageName: node
  linkType: hard

"tslib@npm:2.8.1, tslib@npm:^2.6.2, tslib@npm:^2.6.3":
  version: 2.8.1
  resolution: "tslib@npm:2.8.1"
  checksum: 10c0/9c4759110a19c53f992d9aae23aac5ced636e99887b51b9e61def52611732872ff7668757d4e4c61f19691e36f4da981cd9485e869b4a7408d689f6bf1f14e62
  languageName: node
  linkType: hard

"tsx@npm:^4.20.2":
  version: 4.21.0
  resolution: "tsx@npm:4.21.0"
  dependencies:
    esbuild: "npm:~0.27.0"
    fsevents: "npm:~2.3.3"
    get-tsconfig: "npm:^4.7.5"
  dependenciesMeta:
    fsevents:
      optional: true
  bin:
    tsx: dist/cli.mjs
  checksum: 10c0/f5072923cd8459a1f9a26df87823a2ab5754641739d69df2a20b415f61814322b751fa6be85db7c6ec73cf68ba8fac2fd1cfc76bdb0aa86ded984d84d5d2126b
  languageName: node
  linkType: hard

"typescript@npm:^5.7.3":
  version: 5.9.3
  resolution: "typescript@npm:5.9.3"
  bin:
    tsc: bin/tsc
    tsserver: bin/tsserver
  checksum: 10c0/6bd7552ce39f97e711db5aa048f6f9995b53f1c52f7d8667c1abdc1700c68a76a308f579cd309ce6b53646deb4e9a1be7c813a93baaf0a28ccd536a30270e1c5
  languageName: node
  linkType: hard

"typescript@patch:typescript@npm%3A^5.7.3#optional!builtin<compat/typescript>":
  version: 5.9.3
  resolution: "typescript@patch:typescript@npm%3A5.9.3#optional!builtin<compat/typescript>::version=5.9.3&hash=5786d5"
  bin:
    tsc: bin/tsc
    tsserver: bin/tsserver
  checksum: 10c0/ad09fdf7a756814dce65bc60c1657b40d44451346858eea230e10f2e95a289d9183b6e32e5c11e95acc0ccc214b4f36289dcad4bf1886b0adb84d711d336a430
  languageName: node
  linkType: hard

"undici-types@npm:~7.16.0":
  version: 7.16.0
  resolution: "undici-types@npm:7.16.0"
  checksum: 10c0/3033e2f2b5c9f1504bdc5934646cb54e37ecaca0f9249c983f7b1fc2e87c6d18399ebb05dc7fd5419e02b2e915f734d872a65da2e3eeed1813951c427d33cc9a
  languageName: node
  linkType: hard

"undici@npm:6.21.3":
  version: 6.21.3
  resolution: "undici@npm:6.21.3"
  checksum: 10c0/294da109853fad7a6ef5a172ad0ca3fb3f1f60cf34703d062a5ec967daf69ad8c03b52e6d536c5cba3bb65615769bf08e5b30798915cbccdddaca01045173dda
  languageName: node
  linkType: hard

"unique-filename@npm:^5.0.0":
  version: 5.0.0
  resolution: "unique-filename@npm:5.0.0"
  dependencies:
    unique-slug: "npm:^6.0.0"
  checksum: 10c0/afb897e9cf4c2fb622ea716f7c2bb462001928fc5f437972213afdf1cc32101a230c0f1e9d96fc91ee5185eca0f2feb34127145874975f347be52eb91d6ccc2c
  languageName: node
  linkType: hard

"unique-slug@npm:^6.0.0":
  version: 6.0.0
  resolution: "unique-slug@npm:6.0.0"
  dependencies:
    imurmurhash: "npm:^0.1.4"
  checksum: 10c0/da7ade4cb04eb33ad0499861f82fe95ce9c7c878b7139dc54d140ecfb6a6541c18a5c8dac16188b8b379fe62c0c1f1b710814baac910cde5f4fec06212126c6a
  languageName: node
  linkType: hard

"which@npm:^2.0.1":
  version: 2.0.2
  resolution: "which@npm:2.0.2"
  dependencies:
    isexe: "npm:^2.0.0"
  bin:
    node-which: ./bin/node-which
  checksum: 10c0/66522872a768b60c2a65a57e8ad184e5372f5b6a9ca6d5f033d4b0dc98aff63995655a7503b9c0a2598936f532120e81dd8cc155e2e92ed662a2b9377cc4374f
  languageName: node
  linkType: hard

"which@npm:^6.0.0":
  version: 6.0.0
  resolution: "which@npm:6.0.0"
  dependencies:
    isexe: "npm:^3.1.1"
  bin:
    node-which: bin/which.js
  checksum: 10c0/fe9d6463fe44a76232bb6e3b3181922c87510a5b250a98f1e43a69c99c079b3f42ddeca7e03d3e5f2241bf2d334f5a7657cfa868b97c109f3870625842f4cc15
  languageName: node
  linkType: hard

"ws@npm:^8.17.0, ws@npm:^8.18.2":
  version: 8.18.3
  resolution: "ws@npm:8.18.3"
  peerDependencies:
    bufferutil: ^4.0.1
    utf-8-validate: ">=5.0.2"
  peerDependenciesMeta:
    bufferutil:
      optional: true
    utf-8-validate:
      optional: true
  checksum: 10c0/eac918213de265ef7cb3d4ca348b891a51a520d839aa51cdb8ca93d4fa7ff9f6ccb339ccee89e4075324097f0a55157c89fa3f7147bde9d8d7e90335dc087b53
  languageName: node
  linkType: hard

"xtend@npm:^4.0.0":
  version: 4.0.2
  resolution: "xtend@npm:4.0.2"
  checksum: 10c0/366ae4783eec6100f8a02dff02ac907bf29f9a00b82ac0264b4d8b832ead18306797e283cf19de776538babfdcb2101375ec5646b59f08c52128ac4ab812ed0e
  languageName: node
  linkType: hard

"yallist@npm:^4.0.0":
  version: 4.0.0
  resolution: "yallist@npm:4.0.0"
  checksum: 10c0/2286b5e8dbfe22204ab66e2ef5cc9bbb1e55dfc873bbe0d568aa943eb255d131890dfd5bf243637273d31119b870f49c18fcde2c6ffbb7a7a092b870dc90625a
  languageName: node
  linkType: hard

"yallist@npm:^5.0.0":
  version: 5.0.0
  resolution: "yallist@npm:5.0.0"
  checksum: 10c0/a499c81ce6d4a1d260d4ea0f6d49ab4da09681e32c3f0472dee16667ed69d01dae63a3b81745a24bd78476ec4fcf856114cb4896ace738e01da34b2c42235416
  languageName: node
  linkType: hard

"zod@npm:^3.25.76":
  version: 3.25.76
  resolution: "zod@npm:3.25.76"
  checksum: 10c0/5718ec35e3c40b600316c5b4c5e4976f7fee68151bc8f8d90ec18a469be9571f072e1bbaace10f1e85cf8892ea12d90821b200e980ab46916a6166a4260a983c
  languageName: node
  linkType: hard
